
Microsoft Visual Studio Solution File, Format Version 12.00
# Visual Studio 14
VisualStudioVersion = 14.0.25420.1
MinimumVisualStudioVersion = 10.0.40219.1
Project("{FAE04EC0-301F-11D3-BF4B-00C04F79EFBC}") = "Teht01", "Teht01\Teht01.csproj", "{4A7D32B7-9A09-4894-B69E-1675CB2176D0}"
EndProject
Project("{FAE04EC0-301F-11D3-BF4B-00C04F79EFBC}") = "Teht01b", "Teht01b\Teht01b.csproj", "{CD5D7566-D7B4-4F95-AE55-C21A868F6A60}"
EndProject
Project("{FAE04EC0-301F-11D3-BF4B-00C04F79EFBC}") = "Teht02", "Teht02\Teht02.csproj", "{499289D7-7573-4C75-9503-F6DA782C499A}"
EndProject
Project("{FAE04EC0-301F-11D3-BF4B-00C04F79EFBC}") = "Teht03", "Teht03\Teht03.csproj", "{C0A9540F-9575-4FC1-B6B0-52274BA9359E}"
EndProject
Project("{FAE04EC0-301F-11D3-BF4B-00C04F79EFBC}") = "Teht04", "Teht4\Teht04.csproj", "{2CD69271-6B19-48D9-B803-4F22A6B588ED}"
EndProject
Project("{FAE04EC0-301F-11D3-BF4B-00C04F79EFBC}") = "Teht05", "Teht05\Teht05.csproj", "{5122CDEF-E8F4-45F8-B6F3-0BA7FD4FA8DB}"
EndProject
Project("{FAE04EC0-301F-11D3-BF4B-00C04F79EFBC}") = "Teht06", "Teht06\Teht06.csproj", "{E752903F-A4D7-4A32-AF9B-F8FAAD0B2378}"
EndProject
Project("{FAE04EC0-301F-11D3-BF4B-00C04F79EFBC}") = "Teht07", "Teht07\Teht07.csproj", "{A811B576-378C-4ACF-95F3-F768E688E70C}"
EndProject
Project("{FAE04EC0-301F-11D3-BF4B-00C04F79EFBC}") = "Teht08", "Teht08\Teht08.csproj", "{3FC52CFC-98F5-49BF-A319-43D20FC85BBC}"
EndProject
Project("{FAE04EC0-301F-11D3-BF4B-00C04F79EFBC}") = "Teht09", "Teht09\Teht09.csproj", "{5ECD4F58-762D-4B7C-938F-521EE24554BA}"
EndProject
Project("{FAE04EC0-301F-11D3-BF4B-00C04F79EFBC}") = "Teht10", "teht10\Teht10.csproj", "{0AF13EDA-00B7-4B9A-8199-7EC819D564A3}"
EndProject
Project("{FAE04EC0-301F-11D3-BF4B-00C04F79EFBC}") = "Teht11", "Teht11\Teht11.csproj", "{F778916F-2223-4968-80DC-32A5A73F0EC0}"
EndProject
Project("{FAE04EC0-301F-11D3-BF4B-00C04F79EFBC}") = "Teht12", "ConsoleApplication1\Teht12.csproj", "{9907FC1F-B849-4884-8127-C790E01E6A37}"
EndProject
Project("{FAE04EC0-301F-11D3-BF4B-00C04F79EFBC}") = "Teht13", "Teht13\Teht13.csproj", "{6A993BF3-7BC2-43D3-AF5C-F615DDA4444E}"
EndProject
Project("{FAE04EC0-301F-11D3-BF4B-00C04F79EFBC}") = "Teht14", "Teht14\Teht14.csproj", "{02143887-D2B4-4150-95AC-69BAFF22AFBA}"
EndProject
Project("{FAE04EC0-301F-11D3-BF4B-00C04F79EFBC}") = "Teht15", "Teht15\Teht15.csproj", "{B2BAF3F1-2874-4A35-8DB6-2143ECBEFBBC}"
EndProject
Project("{FAE04EC0-301F-11D3-BF4B-00C04F79EFBC}") = "Teht16", "Teht16\Teht16.csproj", "{4CADD204-B390-4638-AC10-80F4C01BD7CA}"
EndProject
Project("{FAE04EC0-301F-11D3-BF4B-00C04F79EFBC}") = "Teht17", "Teht17\Teht17.csproj", "{3F9975A0-3F86-4A79-ABDF-365D3A7DC1F4}"
EndProject
Project("{FAE04EC0-301F-11D3-BF4B-00C04F79EFBC}") = "Teht18", "Teht18\Teht18.csproj", "{B151EA0C-046B-42EA-9DE3-24DAF40DF5AA}"
EndProject
Global
	GlobalSection(SolutionConfigurationPlatforms) = preSolution
		Debug|Any CPU = Debug|Any CPU
		Release|Any CPU = Release|Any CPU
	EndGlobalSection
	GlobalSection(ProjectConfigurationPlatforms) = postSolution
		{4A7D32B7-9A09-4894-B69E-1675CB2176D0}.Debug|Any CPU.ActiveCfg = Debug|Any CPU
		{4A7D32B7-9A09-4894-B69E-1675CB2176D0}.Debug|Any CPU.Build.0 = Debug|Any CPU
		{4A7D32B7-9A09-4894-B69E-1675CB2176D0}.Release|Any CPU.ActiveCfg = Release|Any CPU
		{4A7D32B7-9A09-4894-B69E-1675CB2176D0}.Release|Any CPU.Build.0 = Release|Any CPU
		{CD5D7566-D7B4-4F95-AE55-C21A868F6A60}.Debug|Any CPU.ActiveCfg = Debug|Any CPU
		{CD5D7566-D7B4-4F95-AE55-C21A868F6A60}.Debug|Any CPU.Build.0 = Debug|Any CPU
		{CD5D7566-D7B4-4F95-AE55-C21A868F6A60}.Release|Any CPU.ActiveCfg = Release|Any CPU
		{CD5D7566-D7B4-4F95-AE55-C21A868F6A60}.Release|Any CPU.Build.0 = Release|Any CPU
		{499289D7-7573-4C75-9503-F6DA782C499A}.Debug|Any CPU.ActiveCfg = Debug|Any CPU
		{499289D7-7573-4C75-9503-F6DA782C499A}.Debug|Any CPU.Build.0 = Debug|Any CPU
		{499289D7-7573-4C75-9503-F6DA782C499A}.Release|Any CPU.ActiveCfg = Release|Any CPU
		{499289D7-7573-4C75-9503-F6DA782C499A}.Release|Any CPU.Build.0 = Release|Any CPU
		{C0A9540F-9575-4FC1-B6B0-52274BA9359E}.Debug|Any CPU.ActiveCfg = Debug|Any CPU
		{C0A9540F-9575-4FC1-B6B0-52274BA9359E}.Debug|Any CPU.Build.0 = Debug|Any CPU
		{C0A9540F-9575-4FC1-B6B0-52274BA9359E}.Release|Any CPU.ActiveCfg = Release|Any CPU
		{C0A9540F-9575-4FC1-B6B0-52274BA9359E}.Release|Any CPU.Build.0 = Release|Any CPU
		{2CD69271-6B19-48D9-B803-4F22A6B588ED}.Debug|Any CPU.ActiveCfg = Debug|Any CPU
		{2CD69271-6B19-48D9-B803-4F22A6B588ED}.Debug|Any CPU.Build.0 = Debug|Any CPU
		{2CD69271-6B19-48D9-B803-4F22A6B588ED}.Release|Any CPU.ActiveCfg = Release|Any CPU
		{2CD69271-6B19-48D9-B803-4F22A6B588ED}.Release|Any CPU.Build.0 = Release|Any CPU
		{5122CDEF-E8F4-45F8-B6F3-0BA7FD4FA8DB}.Debug|Any CPU.ActiveCfg = Debug|Any CPU
		{5122CDEF-E8F4-45F8-B6F3-0BA7FD4FA8DB}.Debug|Any CPU.Build.0 = Debug|Any CPU
		{5122CDEF-E8F4-45F8-B6F3-0BA7FD4FA8DB}.Release|Any CPU.ActiveCfg = Release|Any CPU
		{5122CDEF-E8F4-45F8-B6F3-0BA7FD4FA8DB}.Release|Any CPU.Build.0 = Release|Any CPU
		{E752903F-A4D7-4A32-AF9B-F8FAAD0B2378}.Debug|Any CPU.ActiveCfg = Debug|Any CPU
		{E752903F-A4D7-4A32-AF9B-F8FAAD0B2378}.Debug|Any CPU.Build.0 = Debug|Any CPU
		{E752903F-A4D7-4A32-AF9B-F8FAAD0B2378}.Release|Any CPU.ActiveCfg = Release|Any CPU
		{E752903F-A4D7-4A32-AF9B-F8FAAD0B2378}.Release|Any CPU.Build.0 = Release|Any CPU
		{A811B576-378C-4ACF-95F3-F768E688E70C}.Debug|Any CPU.ActiveCfg = Debug|Any CPU
		{A811B576-378C-4ACF-95F3-F768E688E70C}.Debug|Any CPU.Build.0 = Debug|Any CPU
		{A811B576-378C-4ACF-95F3-F768E688E70C}.Release|Any CPU.ActiveCfg = Release|Any CPU
		{A811B576-378C-4ACF-95F3-F768E688E70C}.Release|Any CPU.Build.0 = Release|Any CPU
		{3FC52CFC-98F5-49BF-A319-43D20FC85BBC}.Debug|Any CPU.ActiveCfg = Debug|Any CPU
		{3FC52CFC-98F5-49BF-A319-43D20FC85BBC}.Debug|Any CPU.Build.0 = Debug|Any CPU
		{3FC52CFC-98F5-49BF-A319-43D20FC85BBC}.Release|Any CPU.ActiveCfg = Release|Any CPU
		{3FC52CFC-98F5-49BF-A319-43D20FC85BBC}.Release|Any CPU.Build.0 = Release|Any CPU
		{5ECD4F58-762D-4B7C-938F-521EE24554BA}.Debug|Any CPU.ActiveCfg = Debug|Any CPU
		{5ECD4F58-762D-4B7C-938F-521EE24554BA}.Debug|Any CPU.Build.0 = Debug|Any CPU
		{5ECD4F58-762D-4B7C-938F-521EE24554BA}.Release|Any CPU.ActiveCfg = Release|Any CPU
		{5ECD4F58-762D-4B7C-938F-521EE24554BA}.Release|Any CPU.Build.0 = Release|Any CPU
		{0AF13EDA-00B7-4B9A-8199-7EC819D564A3}.Debug|Any CPU.ActiveCfg = Debug|Any CPU
		{0AF13EDA-00B7-4B9A-8199-7EC819D564A3}.Debug|Any CPU.Build.0 = Debug|Any CPU
		{0AF13EDA-00B7-4B9A-8199-7EC819D564A3}.Release|Any CPU.ActiveCfg = Release|Any CPU
		{0AF13EDA-00B7-4B9A-8199-7EC819D564A3}.Release|Any CPU.Build.0 = Release|Any CPU
		{F778916F-2223-4968-80DC-32A5A73F0EC0}.Debug|Any CPU.ActiveCfg = Debug|Any CPU
		{F778916F-2223-4968-80DC-32A5A73F0EC0}.Debug|Any CPU.Build.0 = Debug|Any CPU
		{F778916F-2223-4968-80DC-32A5A73F0EC0}.Release|Any CPU.ActiveCfg = Release|Any CPU
		{F778916F-2223-4968-80DC-32A5A73F0EC0}.Release|Any CPU.Build.0 = Release|Any CPU
		{9907FC1F-B849-4884-8127-C790E01E6A37}.Debug|Any CPU.ActiveCfg = Debug|Any CPU
		{9907FC1F-B849-4884-8127-C790E01E6A37}.Debug|Any CPU.Build.0 = Debug|Any CPU
		{9907FC1F-B849-4884-8127-C790E01E6A37}.Release|Any CPU.ActiveCfg = Release|Any CPU
		{9907FC1F-B849-4884-8127-C790E01E6A37}.Release|Any CPU.Build.0 = Release|Any CPU
		{6A993BF3-7BC2-43D3-AF5C-F615DDA4444E}.Debug|Any CPU.ActiveCfg = Debug|Any CPU
		{6A993BF3-7BC2-43D3-AF5C-F615DDA4444E}.Debug|Any CPU.Build.0 = Debug|Any CPU
		{6A993BF3-7BC2-43D3-AF5C-F615DDA4444E}.Release|Any CPU.ActiveCfg = Release|Any CPU
		{6A993BF3-7BC2-43D3-AF5C-F615DDA4444E}.Release|Any CPU.Build.0 = Release|Any CPU
		{02143887-D2B4-4150-95AC-69BAFF22AFBA}.Debug|Any CPU.ActiveCfg = Debug|Any CPU
		{02143887-D2B4-4150-95AC-69BAFF22AFBA}.Debug|Any CPU.Build.0 = Debug|Any CPU
		{02143887-D2B4-4150-95AC-69BAFF22AFBA}.Release|Any CPU.ActiveCfg = Release|Any CPU
		{02143887-D2B4-4150-95AC-69BAFF22AFBA}.Release|Any CPU.Build.0 = Release|Any CPU
		{B2BAF3F1-2874-4A35-8DB6-2143ECBEFBBC}.Debug|Any CPU.ActiveCfg = Debug|Any CPU
		{B2BAF3F1-2874-4A35-8DB6-2143ECBEFBBC}.Debug|Any CPU.Build.0 = Debug|Any CPU
		{B2BAF3F1-2874-4A35-8DB6-2143ECBEFBBC}.Release|Any CPU.ActiveCfg = Release|Any CPU
		{B2BAF3F1-2874-4A35-8DB6-2143ECBEFBBC}.Release|Any CPU.Build.0 = Release|Any CPU
		{4CADD204-B390-4638-AC10-80F4C01BD7CA}.Debug|Any CPU.ActiveCfg = Debug|Any CPU
		{4CADD204-B390-4638-AC10-80F4C01BD7CA}.Debug|Any CPU.Build.0 = Debug|Any CPU
		{4CADD204-B390-4638-AC10-80F4C01BD7CA}.Release|Any CPU.ActiveCfg = Release|Any CPU
		{4CADD204-B390-4638-AC10-80F4C01BD7CA}.Release|Any CPU.Build.0 = Release|Any CPU
		{3F9975A0-3F86-4A79-ABDF-365D3A7DC1F4}.Debug|Any CPU.ActiveCfg = Debug|Any CPU
		{3F9975A0-3F86-4A79-ABDF-365D3A7DC1F4}.Debug|Any CPU.Build.0 = Debug|Any CPU
		{3F9975A0-3F86-4A79-ABDF-365D3A7DC1F4}.Release|Any CPU.ActiveCfg = Release|Any CPU
		{3F9975A0-3F86-4A79-ABDF-365D3A7DC1F4}.Release|Any CPU.Build.0 = Release|Any CPU
		{B151EA0C-046B-42EA-9DE3-24DAF40DF5AA}.Debug|Any CPU.ActiveCfg = Debug|Any CPU
		{B151EA0C-046B-42EA-9DE3-24DAF40DF5AA}.Debug|Any CPU.Build.0 = Debug|Any CPU
		{B151EA0C-046B-42EA-9DE3-24DAF40DF5AA}.Release|Any CPU.ActiveCfg = Release|Any CPU
		{B151EA0C-046B-42EA-9DE3-24DAF40DF5AA}.Release|Any CPU.Build.0 = Release|Any CPU
	EndGlobalSection
	GlobalSection(SolutionProperties) = preSolution
		HideSolutionNode = FALSE
	EndGlobalSection
EndGlobal
